# THIS IS AN AUTOGENERATED FILE. DO NOT EDIT THIS FILE DIRECTLY.
# yarn lockfile v1


"@envelop/core@^2.4.0":
  version "2.4.0"
  resolved "https://registry.npmjs.org/@envelop/core/-/core-2.4.0.tgz"
  integrity sha512-ZA8d3sg69+IrZH0seB/HxHi+IYaOOu5OLzZBAHw7MrT2mBI0RyboM6QZv0gGvYJjQIUeJ1I2Zz4bqjOKNmgpxA==
  dependencies:
    "@envelop/types" "2.3.0"

"@envelop/parser-cache@^4.4.0":
  version "4.5.0"
  resolved "https://registry.npmjs.org/@envelop/parser-cache/-/parser-cache-4.5.0.tgz"
  integrity sha512-PrMPLSYme/zpdSlRj+ZwWSitzUukf2vrHgrVnHBxc5I60N+kGXzg7SiddrTWM1BotqgEi5qSRd7AaiqgHQ6Hqg==
  dependencies:
    lru-cache "^6.0.0"

"@envelop/types@2.3.0":
  version "2.3.0"
  resolved "https://registry.npmjs.org/@envelop/types/-/types-2.3.0.tgz"
  integrity sha512-K20KxpGlY+HKenms4Kccuh/YcCm0ytj1Zk0Ak6b6hKA68JI4YQ2GwGMq7A7gSOb1MxlbKqrnVdeQdXaDpQfCmA==

"@envelop/validation-cache@^4.4.0":
  version "4.5.0"
  resolved "https://registry.npmjs.org/@envelop/validation-cache/-/validation-cache-4.5.0.tgz"
  integrity sha512-+vBW+IFaI8dk74xbg9f1wI8X43pB7/Ul4MUHsZJ21hpIlR/Ahu4+Jw5lydPa8lXEoCoK6EAm9ym8ClHBA5kKBQ==
  dependencies:
    lru-cache "^6.0.0"

"@graphql-tools/merge@8.3.0":
  version "8.3.0"
  resolved "https://registry.npmjs.org/@graphql-tools/merge/-/merge-8.3.0.tgz"
  integrity sha512-xRa7RAQok/0DD2YnjuqikMrr7dUAxTpdGtZ7BkvUUGhYs3B3p7reCAfvOVr1DJAqVToP7hdlMk+S5+Ylk+AaqA==
  dependencies:
    "@graphql-tools/utils" "8.8.0"
    tslib "^2.4.0"

"@graphql-tools/schema@^8.5.0":
  version "8.5.0"
  resolved "https://registry.npmjs.org/@graphql-tools/schema/-/schema-8.5.0.tgz"
  integrity sha512-VeFtKjM3SA9/hCJJfr95aEdC3G0xIKM9z0Qdz4i+eC1g2fdZYnfWFt2ucW4IME+2TDd0enHlKzaV0qk2SLVUww==
  dependencies:
    "@graphql-tools/merge" "8.3.0"
    "@graphql-tools/utils" "8.8.0"
    tslib "^2.4.0"
    value-or-promise "1.0.11"

"@graphql-tools/utils@8.8.0", "@graphql-tools/utils@^8.8.0":
  version "8.8.0"
  resolved "https://registry.npmjs.org/@graphql-tools/utils/-/utils-8.8.0.tgz"
  integrity sha512-KJrtx05uSM/cPYFdTnGAS1doL5bftJLAiFCDMZ8Vkifztz3BFn3gpFiy/o4wDtM8s39G46mxmt2Km/RmeltfGw==
  dependencies:
    tslib "^2.4.0"

"@graphql-typed-document-node/core@^3.1.1":
  version "3.1.1"
  resolved "https://registry.npmjs.org/@graphql-typed-document-node/core/-/core-3.1.1.tgz"
  integrity sha512-NQ17ii0rK1b34VZonlmT2QMJFI70m0TRwbknO/ihlbatXyaktDhN/98vBiUU6kNBPljqGqyIrl2T4nY2RpFANg==

"@graphql-yoga/common@^2.12.3":
  version "2.12.3"
  resolved "https://registry.npmjs.org/@graphql-yoga/common/-/common-2.12.3.tgz"
  integrity sha512-enyyl4qyd7SRaTQ8mZehoYVn6yvxFx9MvCd7KcAEo50s0g8oFSQj72TjQZk7eS4llHQ8dfqPiROq2af1GMnsnA==
  dependencies:
    "@envelop/core" "^2.4.0"
    "@envelop/parser-cache" "^4.4.0"
    "@envelop/validation-cache" "^4.4.0"
    "@graphql-tools/schema" "^8.5.0"
    "@graphql-tools/utils" "^8.8.0"
    "@graphql-typed-document-node/core" "^3.1.1"
    "@graphql-yoga/subscription" "^2.2.2"
    cross-undici-fetch "^0.4.13"
    dset "^3.1.1"
    tslib "^2.3.1"

"@graphql-yoga/node@^2.13.3":
  version "2.13.4"
  resolved "https://registry.npmjs.org/@graphql-yoga/node/-/node-2.13.4.tgz"
  integrity sha512-oxnEqIaqwm625h8xpI4dcLwk6l4yFQN/+tey5m7gW3blK21e2L2J78qGT9dG/1vITDggjM+z5A+WL+M9ztbkbw==
  dependencies:
    "@envelop/core" "^2.4.0"
    "@graphql-tools/utils" "^8.8.0"
    "@graphql-yoga/common" "^2.12.3"
    "@graphql-yoga/subscription" "^2.2.2"
    cross-undici-fetch "^0.4.13"
    tslib "^2.3.1"

"@graphql-yoga/subscription@^2.2.2":
  version "2.2.2"
  resolved "https://registry.npmjs.org/@graphql-yoga/subscription/-/subscription-2.2.2.tgz"
  integrity sha512-830Aszxon2YDRW4+NXLjlh9ssP56hreMIA6vQIVCMzzQEbv4CnjPYDde6vVqCSZhJ51SvlJsVRYFbPEObEuzWw==
  dependencies:
    "@graphql-yoga/typed-event-target" "^0.1.0"
    "@repeaterjs/repeater" "^3.0.4"
    tslib "^2.3.1"

"@graphql-yoga/typed-event-target@^0.1.0":
  version "0.1.0"
  resolved "https://registry.npmjs.org/@graphql-yoga/typed-event-target/-/typed-event-target-0.1.0.tgz"
  integrity sha512-3zsJSSUgrJalE1/KoNN1ga1jU6GhTyEnAWACMP2vFzr3hkVyhB3QIkAYaGOVu0sg87K67gfD8QblT+WFZbsX6g==
  dependencies:
    "@repeaterjs/repeater" "^3.0.4"
    tslib "^2.3.1"

"@repeaterjs/repeater@^3.0.4":
  version "3.0.4"
  resolved "https://registry.npmjs.org/@repeaterjs/repeater/-/repeater-3.0.4.tgz"
  integrity sha512-AW8PKd6iX3vAZ0vA43nOUOnbq/X5ihgU+mSXXqunMkeQADGiqw/PY0JNeYtD5sr0PAy51YPgAPbDoeapv9r8WA==

abort-controller@^3.0.0:
  version "3.0.0"
  resolved "https://registry.npmjs.org/abort-controller/-/abort-controller-3.0.0.tgz"
  integrity sha512-h8lQ8tacZYnR3vNQTgibj+tODHI5/+l06Au2Pcriv/Gmet0eaj4TwWH41sO9wnHDiQsEj19q0drzdWdeAHtweg==
  dependencies:
    event-target-shim "^5.0.0"

busboy@^1.6.0:
  version "1.6.0"
  resolved "https://registry.npmjs.org/busboy/-/busboy-1.6.0.tgz"
  integrity sha512-8SFQbg/0hQ9xy3UNTB0YEnsNBbWfhf7RtnzpL7TkBiTBRfrQ9Fxcnz7VJsleJpyp6rVLvXiuORqjlHi5q+PYuA==
  dependencies:
    streamsearch "^1.1.0"

cross-undici-fetch@^0.4.13:
  version "0.4.14"
  resolved "https://registry.npmjs.org/cross-undici-fetch/-/cross-undici-fetch-0.4.14.tgz"
  integrity sha512-CCep44A/baoO8kYJBIR1cRO/tRAk29xzb/tH3O85OtgwZGkL5I0tJZ47ccZdrnAJxrl5tlaYhAOx09fJXMcUqQ==
  dependencies:
    abort-controller "^3.0.0"
    busboy "^1.6.0"
    form-data-encoder "^1.7.1"
    formdata-node "^4.3.1"
    node-fetch "^2.6.7"
    undici "5.5.1"
    web-streams-polyfill "^3.2.0"

dset@^3.1.1:
  version "3.1.2"
  resolved "https://registry.npmjs.org/dset/-/dset-3.1.2.tgz"
  integrity sha512-g/M9sqy3oHe477Ar4voQxWtaPIFw1jTdKZuomOjhCcBx9nHUNn0pu6NopuFFrTh/TRZIKEj+76vLWFu9BNKk+Q==

event-target-shim@^5.0.0:
  version "5.0.1"
  resolved "https://registry.npmjs.org/event-target-shim/-/event-target-shim-5.0.1.tgz"
  integrity sha512-i/2XbnSz/uxRCU6+NdVJgKWDTM427+MqYbkQzD321DuCQJUqOuJKIA0IM2+W2xtYHdKOmZ4dR6fExsd4SXL+WQ==

form-data-encoder@^1.7.1:
  version "1.7.2"
  resolved "https://registry.npmjs.org/form-data-encoder/-/form-data-encoder-1.7.2.tgz"
  integrity sha512-qfqtYan3rxrnCk1VYaA4H+Ms9xdpPqvLZa6xmMgFvhO32x7/3J/ExcTd6qpxM0vH2GdMI+poehyBZvqfMTto8A==

formdata-node@^4.3.1:
  version "4.3.3"
  resolved "https://registry.npmjs.org/formdata-node/-/formdata-node-4.3.3.tgz"
  integrity sha512-coTew7WODO2vF+XhpUdmYz4UBvlsiTMSNaFYZlrXIqYbFd4W7bMwnoALNLE6uvNgzTg2j1JDF0ZImEfF06VPAA==
  dependencies:
    node-domexception "1.0.0"
    web-streams-polyfill "4.0.0-beta.1"

graphql-subscriptions@^2.0.0:
  version "2.0.0"
  resolved "https://registry.yarnpkg.com/graphql-subscriptions/-/graphql-subscriptions-2.0.0.tgz#11ec181d475852d8aec879183e8e1eb94f2eb79a"
  integrity sha512-s6k2b8mmt9gF9pEfkxsaO1lTxaySfKoEJzEfmwguBbQ//Oq23hIXCfR1hm4kdh5hnR20RdwB+s3BCb+0duHSZA==
  dependencies:
    iterall "^1.3.0"

graphql@^16.5.0:
  version "16.5.0"
  resolved "https://registry.npmjs.org/graphql/-/graphql-16.5.0.tgz"
  integrity sha512-qbHgh8Ix+j/qY+a/ZcJnFQ+j8ezakqPiHwPiZhV/3PgGlgf96QMBB5/f2rkiC9sgLoy/xvT6TSiaf2nTHJh5iA==

iterall@^1.3.0:
  version "1.3.0"
  resolved "https://registry.yarnpkg.com/iterall/-/iterall-1.3.0.tgz#afcb08492e2915cbd8a0884eb93a8c94d0d72fea"
  integrity sha512-QZ9qOMdF+QLHxy1QIpUHUU1D5pS2CG2P69LF6L6CPjPYA/XMOmKV3PZpawHoAjHNyB0swdVTRxdYT4tbBbxqwg==

lru-cache@^6.0.0:
  version "6.0.0"
  resolved "https://registry.npmjs.org/lru-cache/-/lru-cache-6.0.0.tgz"
  integrity sha512-Jo6dJ04CmSjuznwJSS3pUeWmd/H0ffTlkXXgwZi+eq1UCmqQwCh+eLsYOYCwY991i2Fah4h1BEMCx4qThGbsiA==
  dependencies:
    yallist "^4.0.0"

node-domexception@1.0.0:
  version "1.0.0"
  resolved "https://registry.npmjs.org/node-domexception/-/node-domexception-1.0.0.tgz"
  integrity sha512-/jKZoMpw0F8GRwl4/eLROPA3cfcXtLApP0QzLmUT/HuPCZWyB7IY9ZrMeKw2O/nFIqPQB3PVM9aYm0F312AXDQ==

node-fetch@^2.6.7:
  version "2.6.7"
  resolved "https://registry.npmjs.org/node-fetch/-/node-fetch-2.6.7.tgz"
  integrity sha512-ZjMPFEfVx5j+y2yF35Kzx5sF7kDzxuDj6ziH4FFbOp87zKDZNx8yExJIb05OGF4Nlt9IHFIMBkRl41VdvcNdbQ==
  dependencies:
    whatwg-url "^5.0.0"

streamsearch@^1.1.0:
  version "1.1.0"
  resolved "https://registry.npmjs.org/streamsearch/-/streamsearch-1.1.0.tgz"
  integrity sha512-Mcc5wHehp9aXz1ax6bZUyY5afg9u2rv5cqQI3mRrYkGC8rW2hM02jWuwjtL++LS5qinSyhj2QfLyNsuc+VsExg==

tr46@~0.0.3:
  version "0.0.3"
  resolved "https://registry.npmjs.org/tr46/-/tr46-0.0.3.tgz"
  integrity sha512-N3WMsuqV66lT30CrXNbEjx4GEwlow3v6rr4mCcv6prnfwhS01rkgyFdjPNBYd9br7LpXV1+Emh01fHnq2Gdgrw==

tslib@^2.3.1, tslib@^2.4.0:
  version "2.4.0"
  resolved "https://registry.npmjs.org/tslib/-/tslib-2.4.0.tgz"
  integrity sha512-d6xOpEDfsi2CZVlPQzGeux8XMwLT9hssAsaPYExaQMuYskwb+x1x7J371tWlbBdWHroy99KnVB6qIkUbs5X3UQ==

undici@5.5.1:
  version "5.5.1"
  resolved "https://registry.npmjs.org/undici/-/undici-5.5.1.tgz"
  integrity sha512-MEvryPLf18HvlCbLSzCW0U00IMftKGI5udnjrQbC5D4P0Hodwffhv+iGfWuJwg16Y/TK11ZFK8i+BPVW2z/eAw==

value-or-promise@1.0.11:
  version "1.0.11"
  resolved "https://registry.npmjs.org/value-or-promise/-/value-or-promise-1.0.11.tgz"
  integrity sha512-41BrgH+dIbCFXClcSapVs5M6GkENd3gQOJpEfPDNa71LsUGMXDL0jMWpI/Rh7WhX+Aalfz2TTS3Zt5pUsbnhLg==

web-streams-polyfill@4.0.0-beta.1:
  version "4.0.0-beta.1"
  resolved "https://registry.npmjs.org/web-streams-polyfill/-/web-streams-polyfill-4.0.0-beta.1.tgz"
  integrity sha512-3ux37gEX670UUphBF9AMCq8XM6iQ8Ac6A+DSRRjDoRBm1ufCkaCDdNVbaqq60PsEkdNlLKrGtv/YBP4EJXqNtQ==

web-streams-polyfill@^3.2.0:
  version "3.2.1"
  resolved "https://registry.npmjs.org/web-streams-polyfill/-/web-streams-polyfill-3.2.1.tgz"
  integrity sha512-e0MO3wdXWKrLbL0DgGnUV7WHVuw9OUvL4hjgnPkIeEvESk74gAITi5G606JtZPp39cd8HA9VQzCIvA49LpPN5Q==

webidl-conversions@^3.0.0:
  version "3.0.1"
  resolved "https://registry.npmjs.org/webidl-conversions/-/webidl-conversions-3.0.1.tgz"
  integrity sha512-2JAn3z8AR6rjK8Sm8orRC0h/bcl/DqL7tRPdGZ4I1CjdF+EaMLmYxBHyXuKL849eucPFhvBoxMsflfOb8kxaeQ==

whatwg-url@^5.0.0:
  version "5.0.0"
  resolved "https://registry.npmjs.org/whatwg-url/-/whatwg-url-5.0.0.tgz"
  integrity sha512-saE57nupxk6v3HY35+jzBwYa0rKSy0XR8JSxZPwgLr7ys0IBzhGviA1/TUGJLmSVqs8pb9AnvICXEuOHLprYTw==
  dependencies:
    tr46 "~0.0.3"
    webidl-conversions "^3.0.0"

yallist@^4.0.0:
  version "4.0.0"
  resolved "https://registry.npmjs.org/yallist/-/yallist-4.0.0.tgz"
  integrity sha512-3wdGidZyq5PB084XLES5TpOSRA3wjXAlIWMhum2kRcv/41Sn2emQ0dycQW4uZXLejwKvg6EsvbdlVL+FYEct7A==
